// !$*UTF8*$!
{
	archiveVersion = 1;
	classes = {
	};
	objectVersion = 50;
	objects = {

/* Begin PBXBuildFile section */
		270B37A22645570A00FDE2D4 /* AppDelegate.swift in Sources */ = {isa = PBXBuildFile; fileRef = 270B37A12645570A00FDE2D4 /* AppDelegate.swift */; };
		270B37A42645570A00FDE2D4 /* SceneDelegate.swift in Sources */ = {isa = PBXBuildFile; fileRef = 270B37A32645570A00FDE2D4 /* SceneDelegate.swift */; };
		270B37A62645570A00FDE2D4 /* ViewController.swift in Sources */ = {isa = PBXBuildFile; fileRef = 270B37A52645570A00FDE2D4 /* ViewController.swift */; };
		270B37A92645570A00FDE2D4 /* Main.storyboard in Resources */ = {isa = PBXBuildFile; fileRef = 270B37A72645570A00FDE2D4 /* Main.storyboard */; };
		270B37AB2645570A00FDE2D4 /* Assets.xcassets in Resources */ = {isa = PBXBuildFile; fileRef = 270B37AA2645570A00FDE2D4 /* Assets.xcassets */; };
		270B37AE2645570A00FDE2D4 /* LaunchScreen.storyboard in Resources */ = {isa = PBXBuildFile; fileRef = 270B37AC2645570A00FDE2D4 /* LaunchScreen.storyboard */; };
		27EC053926C9D04A00936CE6 /* vc1.swift in Sources */ = {isa = PBXBuildFile; fileRef = 27EC053826C9D04A00936CE6 /* vc1.swift */; };
		27EC053B26C9F68E00936CE6 /* HBNavgationController.swift in Sources */ = {isa = PBXBuildFile; fileRef = 27EC053A26C9F68E00936CE6 /* HBNavgationController.swift */; };
/* End PBXBuildFile section */

/* Begin PBXFileReference section */
		270B379E2645570900FDE2D4 /* UIAction.app */ = {isa = PBXFileReference; explicitFileType = wrapper.application; includeInIndex = 0; path = UIAction.app; sourceTree = BUILT_PRODUCTS_DIR; };
		270B37A12645570A00FDE2D4 /* AppDelegate.swift */ = {isa = PBXFileReference; lastKnownFileType = sourcecode.swift; path = AppDelegate.swift; sourceTree = "<group>"; };
		270B37A32645570A00FDE2D4 /* SceneDelegate.swift */ = {isa = PBXFileReference; lastKnownFileType = sourcecode.swift; path = SceneDelegate.swift; sourceTree = "<group>"; };
		270B37A52645570A00FDE2D4 /* ViewController.swift */ = {isa = PBXFileReference; lastKnownFileType = sourcecode.swift; path = ViewController.swift; sourceTree = "<group>"; };
		270B37A82645570A00FDE2D4 /* Base */ = {isa = PBXFileReference; lastKnownFileType = file.storyboard; name = Base; path = Base.lproj/Main.storyboard; sourceTree = "<group>"; };
		270B37AA2645570A00FDE2D4 /* Assets.xcassets */ = {isa = PBXFileReference; lastKnownFileType = folder.assetcatalog; path = Assets.xcassets; sourceTree = "<group>"; };
		270B37AD2645570A00FDE2D4 /* Base */ = {isa = PBXFileReference; lastKnownFileType = file.storyboard; name = Base; path = Base.lproj/LaunchScreen.storyboard; sourceTree = "<group>"; };
		270B37AF2645570A00FDE2D4 /* Info.plist */ = {isa = PBXFileReference; lastKnownFileType = text.plist.xml; path = Info.plist; sourceTree = "<group>"; };
		27EC053826C9D04A00936CE6 /* vc1.swift */ = {isa = PBXFileReference; lastKnownFileType = sourcecode.swift; path = vc1.swift; sourceTree = "<group>"; };
		27EC053A26C9F68E00936CE6 /* HBNavgationController.swift */ = {isa = PBXFileReference; lastKnownFileType = sourcecode.swift; path = HBNavgationController.swift; sourceTree = "<group>"; };
/* End PBXFileReference section */

/* Begin PBXFrameworksBuildPhase section */
		270B379B2645570900FDE2D4 /* Frameworks */ = {
			isa = PBXFrameworksBuildPhase;
			buildActionMask = 2147483647;
			files = (
			);
			runOnlyForDeploymentPostprocessing = 0;
		};
/* End PBXFrameworksBuildPhase section */

/* Begin PBXGroup section */
		270B37952645570900FDE2D4 = {
			isa = PBXGroup;
			children = (
				270B37A02645570900FDE2D4 /* UIAction */,
				270B379F2645570900FDE2D4 /* Products */,
			);
			sourceTree = "<group>";
		};
		270B379F2645570900FDE2D4 /* Products */ = {
			isa = PBXGroup;
			children = (
				270B379E2645570900FDE2D4 /* UIAction.app */,
			);
			name = Products;
			sourceTree = "<group>";
		};
		270B37A02645570900FDE2D4 /* UIAction */ = {
			isa = PBXGroup;
			children = (
				270B37A12645570A00FDE2D4 /* AppDelegate.swift */,
				270B37A32645570A00FDE2D4 /* SceneDelegate.swift */,
				270B37A52645570A00FDE2D4 /* ViewController.swift */,
				270B37A72645570A00FDE2D4 /* Main.storyboard */,
				270B37AA2645570A00FDE2D4 /* Assets.xcassets */,
				270B37AC2645570A00FDE2D4 /* LaunchScreen.storyboard */,
				270B37AF2645570A00FDE2D4 /* Info.plist */,
				27EC053826C9D04A00936CE6 /* vc1.swift */,
				27EC053A26C9F68E00936CE6 /* HBNavgationController.swift */,
			);
			path = UIAction;
			sourceTree = "<group>";
		};
/* End PBXGroup section */

/* Begin PBXNativeTarget section */
		270B379D2645570900FDE2D4 /* UIAction */ = {
			isa = PBXNativeTarget;
			buildConfigurationList = 270B37B22645570A00FDE2D4 /* Build configuration list for PBXNativeTarget "UIAction" */;
			buildPhases = (
				270B379A2645570900FDE2D4 /* Sources */,
				270B379B2645570900FDE2D4 /* Frameworks */,
				270B379C2645570900FDE2D4 /* Resources */,
			);
			buildRules = (
			);
			dependencies = (
			);
			name = UIAction;
			productName = UIAction;
			productReference = 270B379E2645570900FDE2D4 /* UIAction.app */;
			productType = "com.apple.product-type.application";
		};
/* End PBXNativeTarget section */

/* Begin PBXProject section */
		270B37962645570900FDE2D4 /* Project object */ = {
			isa = PBXProject;
			attributes = {
				LastSwiftUpdateCheck = 1250;
				LastUpgradeCheck = 1250;
				TargetAttributes = {
					270B379D2645570900FDE2D4 = {
						CreatedOnToolsVersion = 12.5;
					};
				};
			};
			buildConfigurationList = 270B37992645570900FDE2D4 /* Build configuration list for PBXProject "UIAction" */;
			compatibilityVersion = "Xcode 9.3";
			developmentRegion = en;
			hasScannedForEncodings = 0;
			knownRegions = (
				en,
				Base,
			);
			mainGroup = 270B37952645570900FDE2D4;
			productRefGroup = 270B379F2645570900FDE2D4 /* Products */;
			projectDirPath = "";
			projectRoot = "";
			targets = (
				270B379D2645570900FDE2D4 /* UIAction */,
			);
		};
/* End PBXProject section */

/* Begin PBXResourcesBuildPhase section */
		270B379C2645570900FDE2D4 /* Resources */ = {
			isa = PBXResourcesBuildPhase;
			buildActionMask = 2147483647;
			files = (
				270B37AE2645570A00FDE2D4 /* LaunchScreen.storyboard in Resources */,
				270B37AB2645570A00FDE2D4 /* Assets.xcassets in Resources */,
				270B37A92645570A00FDE2D4 /* Main.storyboard in Resources */,
			);
			runOnlyForDeploymentPostprocessing = 0;
		};
/* End PBXResourcesBuildPhase section */

/* Begin PBXSourcesBuildPhase section */
		270B379A2645570900FDE2D4 /* Sources */ = {
			isa = PBXSourcesBuildPhase;
			buildActionMask = 2147483647;
			files = (
				27EC053B26C9F68E00936CE6 /* HBNavgationController.swift in Sources */,
				270B37A62645570A00FDE2D4 /* ViewController.swift in Sources */,
				270B37A22645570A00FDE2D4 /* AppDelegate.swift in Sources */,
				27EC053926C9D04A00936CE6 /* vc1.swift in Sources */,
				270B37A42645570A00FDE2D4 /* SceneDelegate.swift in Sources */,
			);
			runOnlyForDeploymentPostprocessing = 0;
		};
/* End PBXSourcesBuildPhase section */

/* Begin PBXVariantGroup section */
		270B37A72645570A00FDE2D4 /* Main.storyboard */ = {
			isa = PBXVariantGroup;
			children = (
				270B37A82645570A00FDE2D4 /* Base */,
			);
			name = Main.storyboard;
			sourceTree = "<group>";
		};
		270B37AC2645570A00FDE2D4 /* LaunchScreen.storyboard */ = {
			isa = PBXVariantGroup;
			children = (
				270B37AD2645570A00FDE2D4 /* Base */,
			);
			name = LaunchScreen.storyboard;
			sourceTree = "<group>";
		};
/* End PBXVariantGroup section */

/* Begin XCBuildConfiguration section */
		270B37B02645570A00FDE2D4 /* Debug */ = {
			isa = XCBuildConfiguration;
			buildSettings = {
				ALWAYS_SEARCH_USER_PATHS = NO;
				CLANG_ANALYZER_NONNULL = YES;
				CLANG_ANALYZER_NUMBER_OBJECT_CONVERSION = YES_AGGRESSIVE;
				CLANG_CXX_LANGUAGE_STANDARD = "gnu++14";
				CLANG_CXX_LIBRARY = "libc++";
				CLANG_ENABLE_MODULES = YES;
				CLANG_ENABLE_OBJC_ARC = YES;
				CLANG_ENABLE_OBJC_WEAK = YES;
				CLANG_WARN_BLOCK_CAPTURE_AUTORELEASING = YES;
				CLANG_WARN_BOOL_CONVERSION = YES;
				CLANG_WARN_COMMA = YES;
				CLANG_WARN_CONSTANT_CONVERSION = YES;
				CLANG_WARN_DEPRECATED_OBJC_IMPLEMENTATIONS = YES;
				CLANG_WARN_DIRECT_OBJC_ISA_USAGE = YES_ERROR;
				CLANG_WARN_DOCUMENTATION_COMMENTS = YES;
				CLANG_WARN_EMPTY_BODY = YES;
				CLANG_WARN_ENUM_CONVERSION = YES;
				CLANG_WARN_INFINITE_RECURSION = YES;
				CLANG_WARN_INT_CONVERSION = YES;
				CLANG_WARN_NON_LITERAL_NULL_CONVERSION = YES;
				CLANG_WARN_OBJC_IMPLICIT_RETAIN_SELF = YES;
				CLANG_WARN_OBJC_LITERAL_CONVERSION = YES;
				CLANG_WARN_OBJC_ROOT_CLASS = YES_ERROR;
				CLANG_WARN_QUOTED_INCLUDE_IN_FRAMEWORK_HEADER = YES;
				CLANG_WARN_RANGE_LOOP_ANALYSIS = YES;
				CLANG_WARN_STRICT_PROTOTYPES = YES;
				CLANG_WARN_SUSPICIOUS_MOVE = YES;
				CLANG_WARN_UNGUARDED_AVAILABILITY = YES_AGGRESSIVE;
				CLANG_WARN_UNREACHABLE_CODE = YES;
				CLANG_WARN__DUPLICATE_METHOD_MATCH = YES;
				COPY_PHASE_STRIP = NO;
				DEBUG_INFORMATION_FORMAT = dwarf;
				ENABLE_STRICT_OBJC_MSGSEND = YES;
				ENABLE_TESTABILITY = YES;
				GCC_C_LANGUAGE_STANDARD = gnu11;
				GCC_DYNAMIC_NO_PIC = NO;
				GCC_NO_COMMON_BLOCKS = YES;
				GCC_OPTIMIZATION_LEVEL = 0;
				GCC_PREPROCESSOR_DEFINITIONS = (
					"DEBUG=1",
					"$(inherited)",
				);
				GCC_WARN_64_TO_32_BIT_CONVERSION = YES;
				GCC_WARN_ABOUT_RETURN_TYPE = YES_ERROR;
				GCC_WARN_UNDECLARED_SELECTOR = YES;
				GCC_WARN_UNINITIALIZED_AUTOS = YES_AGGRESSIVE;
				GCC_WARN_UNUSED_FUNCTION = YES;
				GCC_WARN_UNUSED_VARIABLE = YES;
				IPHONEOS_DEPLOYMENT_TARGET = 14.5;
				MTL_ENABLE_DEBUG_INFO = INCLUDE_SOURCE;
				MTL_FAST_MATH = YES;
				ONLY_ACTIVE_ARCH = YES;
				SDKROOT = iphoneos;
				SWIFT_ACTIVE_COMPILATION_CONDITIONS = DEBUG;
				SWIFT_OPTIMIZATION_LEVEL = "-Onone";
			};
			name = Debug;
		};
		270B37B12645570A00FDE2D4 /* Release */ = {
			isa = XCBuildConfiguration;
			buildSettings = {
				ALWAYS_SEARCH_USER_PATHS = NO;
				CLANG_ANALYZER_NONNULL = YES;
				CLANG_ANALYZER_NUMBER_OBJECT_CONVERSION = YES_AGGRESSIVE;
				CLANG_CXX_LANGUAGE_STANDARD = "gnu++14";
				CLANG_CXX_LIBRARY = "libc++";
				CLANG_ENABLE_MODULES = YES;
				CLANG_ENABLE_OBJC_ARC = YES;
				CLANG_ENABLE_OBJC_WEAK = YES;
				CLANG_WARN_BLOCK_CAPTURE_AUTORELEASING = YES;
				CLANG_WARN_BOOL_CONVERSION = YES;
				CLANG_WARN_COMMA = YES;
				CLANG_WARN_CONSTANT_CONVERSION = YES;
				CLANG_WARN_DEPRECATED_OBJC_IMPLEMENTATIONS = YES;
				CLANG_WARN_DIRECT_OBJC_ISA_USAGE = YES_ERROR;
				CLANG_WARN_DOCUMENTATION_COMMENTS = YES;
				CLANG_WARN_EMPTY_BODY = YES;
				CLANG_WARN_ENUM_CONVERSION = YES;
				CLANG_WARN_INFINITE_RECURSION = YES;
				CLANG_WARN_INT_CONVERSION = YES;
				CLANG_WARN_NON_LITERAL_NULL_CONVERSION = YES;
				CLANG_WARN_OBJC_IMPLICIT_RETAIN_SELF = YES;
				CLANG_WARN_OBJC_LITERAL_CONVERSION = YES;
				CLANG_WARN_OBJC_ROOT_CLASS = YES_ERROR;
				CLANG_WARN_QUOTED_INCLUDE_IN_FRAMEWORK_HEADER = YES;
				CLANG_WARN_RANGE_LOOP_ANALYSIS = YES;
				CLANG_WARN_STRICT_PROTOTYPES = YES;
				CLANG_WARN_SUSPICIOUS_MOVE = YES;
				CLANG_WARN_UNGUARDED_AVAILABILITY = YES_AGGRESSIVE;
				CLANG_WARN_UNREACHABLE_CODE = YES;
				CLANG_WARN__DUPLICATE_METHOD_MATCH = YES;
				COPY_PHASE_STRIP = NO;
				DEBUG_INFORMATION_FORMAT = "dwarf-with-dsym";
				ENABLE_NS_ASSERTIONS = NO;
				ENABLE_STRICT_OBJC_MSGSEND = YES;
				GCC_C_LANGUAGE_STANDARD = gnu11;
				GCC_NO_COMMON_BLOCKS = YES;
				GCC_WARN_64_TO_32_BIT_CONVERSION = YES;
				GCC_WARN_ABOUT_RETURN_TYPE = YES_ERROR;
				GCC_WARN_UNDECLARED_SELECTOR = YES;
				GCC_WARN_UNINITIALIZED_AUTOS = YES_AGGRESSIVE;
				GCC_WARN_UNUSED_FUNCTION = YES;
				GCC_WARN_UNUSED_VARIABLE = YES;
				IPHONEOS_DEPLOYMENT_TARGET = 14.5;
				MTL_ENABLE_DEBUG_INFO = NO;
				MTL_FAST_MATH = YES;
				SDKROOT = iphoneos;
				SWIFT_COMPILATION_MODE = wholemodule;
				SWIFT_OPTIMIZATION_LEVEL = "-O";
				VALIDATE_PRODUCT = YES;
			};
			name = Release;
		};
		270B37B32645570A00FDE2D4 /* Debug */ = {
			isa = XCBuildConfiguration;
			buildSettings = {
				ASSETCATALOG_COMPILER_APPICON_NAME = AppIcon;
				ASSETCATALOG_COMPILER_GLOBAL_ACCENT_COLOR_NAME = AccentColor;
				CODE_SIGN_STYLE = Automatic;
				DEVELOPMENT_TEAM = PD45X2S4Q6;
				INFOPLIST_FILE = UIAction/Info.plist;
				LD_RUNPATH_SEARCH_PATHS = (
					"$(inherited)",
					"@executable_path/Frameworks",
				);
				PRODUCT_BUNDLE_IDENTIFIER = com.dkzktk.ccc.UIAction;
				PRODUCT_NAME = "$(TARGET_NAME)";
				SWIFT_VERSION = 5.0;
				TARGETED_DEVICE_FAMILY = "1,2";
			};
			name = Debug;
		};
		270B37B42645570A00FDE2D4 /* Release */ = {
			isa = XCBuildConfiguration;
			buildSettings = {
				ASSETCATALOG_COMPILER_APPICON_NAME = AppIcon;
				ASSETCATALOG_COMPILER_GLOBAL_ACCENT_COLOR_NAME = AccentColor;
				CODE_SIGN_STYLE = Automatic;
				DEVELOPMENT_TEAM = PD45X2S4Q6;
				INFOPLIST_FILE = UIAction/Info.plist;
				LD_RUNPATH_SEARCH_PATHS = (
					"$(inherited)",
					"@executable_path/Frameworks",
				);
				PRODUCT_BUNDLE_IDENTIFIER = com.dkzktk.ccc.UIAction;
				PRODUCT_NAME = "$(TARGET_NAME)";
				SWIFT_VERSION = 5.0;
				TARGETED_DEVICE_FAMILY = "1,2";
			};
			name = Release;
		};
/* End XCBuildConfiguration section */

/* Begin XCConfigurationList section */
		270B37992645570900FDE2D4 /* Build configuration list for PBXProject "UIAction" */ = {
			isa = XCConfigurationList;
			buildConfigurations = (
				270B37B02645570A00FDE2D4 /* Debug */,
				270B37B12645570A00FDE2D4 /* Release */,
			);
			defaultConfigurationIsVisible = 0;
			defaultConfigurationName = Release;
		};
		270B37B22645570A00FDE2D4 /* Build configuration list for PBXNativeTarget "UIAction" */ = {
			isa = XCConfigurationList;
			buildConfigurations = (
				270B37B32645570A00FDE2D4 /* Debug */,
				270B37B42645570A00FDE2D4 /* Release */,
			);
			defaultConfigurationIsVisible = 0;
			defaultConfigurationName = Release;
		};
/* End XCConfigurationList section */
	};
	rootObject = 270B37962645570900FDE2D4 /* Project object */;
}
